{
  "version": 4,
  "terraform_version": "0.12.8",
  "serial": 185,
  "lineage": "2ef6fe70-6551-3bff-4b3f-ee1482dce78c",
  "outputs": {
    "dnsNames": {
      "value": "ec2-3-213-137-38.compute-1.amazonaws.com",
      "type": "string"
    }
  },
  "resources": [
    {
      "mode": "data",
      "type": "aws_ami",
      "name": "ubuntu",
      "provider": "provider.aws",
      "instances": [
        {
          "schema_version": 0,
          "attributes": {
            "architecture": "x86_64",
            "block_device_mappings": [
              {
                "device_name": "/dev/sda1",
                "ebs": {
                  "delete_on_termination": "true",
                  "encrypted": "false",
                  "iops": "0",
                  "snapshot_id": "snap-0b2ce82fbce9ea451",
                  "volume_size": "8",
                  "volume_type": "gp2"
                },
                "no_device": "",
                "virtual_name": ""
              },
              {
                "device_name": "/dev/sdb",
                "ebs": {},
                "no_device": "",
                "virtual_name": "ephemeral0"
              },
              {
                "device_name": "/dev/sdc",
                "ebs": {},
                "no_device": "",
                "virtual_name": "ephemeral1"
              }
            ],
            "creation_date": "2019-10-21T22:21:16.000Z",
            "description": "Canonical, Ubuntu, 18.04 LTS, amd64 bionic image build on 2019-10-21",
            "executable_users": null,
            "filter": [
              {
                "name": "name",
                "values": [
                  "ubuntu/images/hvm-ssd/ubuntu-bionic-18.04-amd64-server-*"
                ]
              }
            ],
            "hypervisor": "xen",
            "id": "ami-0d5ae5525eb033d0a",
            "image_id": "ami-0d5ae5525eb033d0a",
            "image_location": "099720109477/ubuntu/images/hvm-ssd/ubuntu-bionic-18.04-amd64-server-20191021",
            "image_owner_alias": null,
            "image_type": "machine",
            "kernel_id": null,
            "most_recent": true,
            "name": "ubuntu/images/hvm-ssd/ubuntu-bionic-18.04-amd64-server-20191021",
            "name_regex": null,
            "owner_id": "099720109477",
            "owners": [
              "099720109477"
            ],
            "platform": null,
            "product_codes": [],
            "public": true,
            "ramdisk_id": null,
            "root_device_name": "/dev/sda1",
            "root_device_type": "ebs",
            "root_snapshot_id": "snap-0b2ce82fbce9ea451",
            "sriov_net_support": "simple",
            "state": "available",
            "state_reason": {
              "code": "UNSET",
              "message": "UNSET"
            },
            "tags": {},
            "virtualization_type": "hvm"
          }
        }
      ]
    },
    {
      "mode": "data",
      "type": "template_cloudinit_config",
      "name": "esInit",
      "each": "list",
      "provider": "provider.template",
      "instances": [
        {
          "index_key": 0,
          "schema_version": 0,
          "attributes": {
            "base64_encode": true,
            "gzip": true,
            "id": "737370699",
            "part": [
              {
                "content": "#!/bin/bash\nwget -O - http://bootstrap.saltstack.org | sh\napt-get update -y\n",
                "content_type": "text/x-shellscript",
                "filename": "",
                "merge_type": ""
              },
              {
                "content": "#cloud-config\n---\nhostname: \"es-lab-0\"\n",
                "content_type": "text/cloud-config",
                "filename": "",
                "merge_type": ""
              },
              {
                "content": "#cloud-config\n---\nwrite_files:\n  - content: |\n      base:\n        '*':\n          - elasticsearch\n    path: /srv/salt/top.sls\n    permissions: '0644'\n  - content: |\n      java:\n        pkg.installed:\n          - pkgs:\n            - openjdk-8-jre\n      /etc/elasticsearch/elasticsearch.yml:\n        file.managed:\n          - contents: |\n              network.host: 0.0.0.0      \n      elasticsearch:\n          pkg.installed:\n            - sources:\n                - elasticsearch: https://download.elastic.co/elasticsearch/release/org/elasticsearch/distribution/deb/elasticsearch/2.4.4/elasticsearch-2.4.4.deb\n          service.running:\n            - enable: true\n    path: /srv/salt/elasticsearch.sls\n    permissions: '0644'\n",
                "content_type": "text/cloud-config",
                "filename": "",
                "merge_type": ""
              },
              {
                "content": "#!/bin/bash\nsalt-call --local state.highstate -l debug\n",
                "content_type": "text/x-shellscript",
                "filename": "",
                "merge_type": ""
              }
            ],
            "rendered": "H4sIAAAAAAAA/8RUT2/UPhC9R9rv4N/+Dishjb2gFSAjDvzpgUOphACJE5rY08Rdx448k25X6odHSRf2T1tOSHUu9ryXeW88k3zISSgJfN32ZFU3RAk9FjFduCH/RtV5SB7L9u38/NP52fuLb58/vvvyY16NJ/hOhUNOVj3Xy1k1qwAOSbPqT+6CiS+pwFly2YfUWPWqDnJAmMSFbsTcALcUI7sSeplV56Gjezr//2fqkEyN3FabhkTBhQLVivTWmDpnYSnYa8YoLOjWOpdG3SpuK+wFxheG3qOQgu0/cu1iHjy4nC5D85jpQ04FAFWbWRJ2ZNWcGCLWsJw/pZ9NCUI/L0MktpVSoNxdYqtuKzWtGpnsbq/U4tlifxj5FJElOCYsrp2QHqW1ynC5NmM3jORec+Q7jEoXePTEVi2WL1erxcOqV3iNe6F+3eiQWDBG8sf6/brhw8gYyz2lK7+G13BVaIcZEmeOzB6f9LaL+zzjhegOEzanejunvLf6eyWSTS5rPbbYqqWenjtoxzwSPEz7aH2jIuehODop8oHLt9PXwNYYnzcpZvR6h2uXT0ovFAmZTC7NCeIDSwn1ICEn46k+gV/olV4dx2CKaU/1gUOmch0c6TKkNI7tSU2UsI7j4JaBHhya4978bXye5hc0mgSHMSqAmB1GxYJCug1NO+0UROWpHpp7BgFm1a8AAAD//8/b3keCBQAA"
          }
        }
      ]
    },
    {
      "mode": "managed",
      "type": "aws_eip",
      "name": "es-labElasticIp",
      "each": "list",
      "provider": "provider.aws",
      "instances": [
        {
          "index_key": 0,
          "schema_version": 0,
          "attributes": {
            "allocation_id": null,
            "associate_with_private_ip": null,
            "association_id": "eipassoc-06fac921396ce8e2c",
            "domain": "vpc",
            "id": "eipalloc-01f48b5a0d56d9dc3",
            "instance": "i-0749d2b2ab0e61d90",
            "network_interface": "eni-01022683c03fd8aff",
            "private_dns": "ip-10-150-0-143.ec2.internal",
            "private_ip": "10.150.0.143",
            "public_dns": "ec2-3-213-137-38.compute-1.amazonaws.com",
            "public_ip": "3.213.137.38",
            "public_ipv4_pool": "amazon",
            "tags": {},
            "timeouts": null,
            "vpc": true
          },
          "private": "eyJlMmJmYjczMC1lY2FhLTExZTYtOGY4OC0zNDM2M2JjN2M0YzAiOnsiZGVsZXRlIjoxODAwMDAwMDAwMDAsInJlYWQiOjkwMDAwMDAwMDAwMCwidXBkYXRlIjozMDAwMDAwMDAwMDB9fQ==",
          "depends_on": [
            "aws_instance.es-lab"
          ]
        }
      ]
    },
    {
      "mode": "managed",
      "type": "aws_instance",
      "name": "es-lab",
      "each": "list",
      "provider": "provider.aws",
      "instances": [
        {
          "index_key": 0,
          "schema_version": 1,
          "attributes": {
            "ami": "ami-0d5ae5525eb033d0a",
            "arn": "arn:aws:ec2:us-east-1:684135021874:instance/i-0749d2b2ab0e61d90",
            "associate_public_ip_address": false,
            "availability_zone": "us-east-1d",
            "cpu_core_count": 1,
            "cpu_threads_per_core": 1,
            "credit_specification": [
              {
                "cpu_credits": "standard"
              }
            ],
            "disable_api_termination": false,
            "ebs_block_device": [],
            "ebs_optimized": false,
            "ephemeral_block_device": [],
            "get_password_data": false,
            "host_id": null,
            "iam_instance_profile": "",
            "id": "i-0749d2b2ab0e61d90",
            "instance_initiated_shutdown_behavior": null,
            "instance_state": "running",
            "instance_type": "t2.small",
            "ipv6_address_count": 0,
            "ipv6_addresses": [],
            "key_name": "es-lab-keyPair",
            "monitoring": false,
            "network_interface": [],
            "network_interface_id": null,
            "password_data": "",
            "placement_group": "",
            "primary_network_interface_id": "eni-01022683c03fd8aff",
            "private_dns": "ip-10-150-0-143.ec2.internal",
            "private_ip": "10.150.0.143",
            "public_dns": "",
            "public_ip": "",
            "root_block_device": [
              {
                "delete_on_termination": true,
                "encrypted": false,
                "iops": 100,
                "kms_key_id": "",
                "volume_id": "vol-0ef2c63700d4c6805",
                "volume_size": 8,
                "volume_type": "gp2"
              }
            ],
            "security_groups": [],
            "source_dest_check": true,
            "subnet_id": "subnet-0af5a4f0d5a5b0efc",
            "tags": {
              "Name": "es-lab-0"
            },
            "tenancy": "default",
            "timeouts": null,
            "user_data": "9efaab4344e51924e7a169460262157104f70c26",
            "user_data_base64": null,
            "volume_tags": {},
            "vpc_security_group_ids": [
              "sg-00060b6d6e445bbaf"
            ]
          },
          "private": "eyJlMmJmYjczMC1lY2FhLTExZTYtOGY4OC0zNDM2M2JjN2M0YzAiOnsiY3JlYXRlIjo2MDAwMDAwMDAwMDAsImRlbGV0ZSI6MTIwMDAwMDAwMDAwMCwidXBkYXRlIjo2MDAwMDAwMDAwMDB9LCJzY2hlbWFfdmVyc2lvbiI6IjEifQ==",
          "depends_on": [
            "aws_security_group.es-labSG",
            "aws_subnet.es-labSubnet",
            "data.aws_ami.ubuntu",
            "data.template_cloudinit_config.esInit"
          ]
        }
      ]
    },
    {
      "mode": "managed",
      "type": "aws_internet_gateway",
      "name": "igw",
      "provider": "provider.aws",
      "instances": [
        {
          "schema_version": 0,
          "attributes": {
            "id": "igw-031d25504344f0bd7",
            "owner_id": "684135021874",
            "tags": {
              "name": "es-lab"
            },
            "vpc_id": "vpc-0645c07afa6d61a1b"
          },
          "private": "bnVsbA==",
          "depends_on": [
            "aws_vpc.vpc"
          ]
        }
      ]
    },
    {
      "mode": "managed",
      "type": "aws_key_pair",
      "name": "es-labKeyPair",
      "provider": "provider.aws",
      "instances": [
        {
          "schema_version": 1,
          "attributes": {
            "fingerprint": "86:52:f5:4d:6a:0b:67:04:35:5d:72:fe:de:9b:b6:e0",
            "id": "es-lab-keyPair",
            "key_name": "es-lab-keyPair",
            "key_name_prefix": null,
            "public_key": "ssh-rsa AAAAB3NzaC1yc2EAAAADAQABAAABAQDgF0sUn1w4qCd3OcyI5eSEF8BMoBXAjoKR3hHafEp7e0+qIfrqE9RHBlThCXtos8P5FMAeOUUyLqQqqUsIaoVbDazy2UrIDMv6mdktVFnHLZ7oW7bSpUBCX4e3eGsZBYUSfQemX9ng1YzLlUdbv5z5gmQc+RDW2ZvLuTfTiKO7tVqVRWtQcBostaJ/AD6OBR/YWM5muOV+QFou/UqQJHZVafFbmVlbn4cHJa/H3HaxjGZum9j6WsCGLJSNWYBp9bolup7HQzHvRIk4herYBDkpPTiKE+6PerjB7+ZJP8J9gdBZOWf2NsQpYJR7XuBL1Eha1dX7FhR1GTD/45gaoIqr"
          },
          "private": "eyJzY2hlbWFfdmVyc2lvbiI6IjEifQ=="
        }
      ]
    },
    {
      "mode": "managed",
      "type": "aws_route_table",
      "name": "es-labRouteTable",
      "provider": "provider.aws",
      "instances": [
        {
          "schema_version": 0,
          "attributes": {
            "id": "rtb-00258b7f796325059",
            "owner_id": "684135021874",
            "propagating_vgws": [],
            "route": [
              {
                "cidr_block": "0.0.0.0/0",
                "egress_only_gateway_id": "",
                "gateway_id": "igw-031d25504344f0bd7",
                "instance_id": "",
                "ipv6_cidr_block": "",
                "nat_gateway_id": "",
                "network_interface_id": "",
                "transit_gateway_id": "",
                "vpc_peering_connection_id": ""
              }
            ],
            "tags": {
              "Name": "es-lab-RouteTable"
            },
            "vpc_id": "vpc-0645c07afa6d61a1b"
          },
          "private": "bnVsbA==",
          "depends_on": [
            "aws_internet_gateway.igw",
            "aws_vpc.vpc"
          ]
        }
      ]
    },
    {
      "mode": "managed",
      "type": "aws_route_table_association",
      "name": "es-labRouteTableAssociation",
      "provider": "provider.aws",
      "instances": [
        {
          "schema_version": 0,
          "attributes": {
            "id": "rtbassoc-09561d4a6d3096f32",
            "route_table_id": "rtb-00258b7f796325059",
            "subnet_id": "subnet-0af5a4f0d5a5b0efc"
          },
          "private": "bnVsbA==",
          "depends_on": [
            "aws_route_table.es-labRouteTable",
            "aws_subnet.es-labSubnet"
          ]
        }
      ]
    },
    {
      "mode": "managed",
      "type": "aws_security_group",
      "name": "es-labSG",
      "provider": "provider.aws",
      "instances": [
        {
          "schema_version": 1,
          "attributes": {
            "arn": "arn:aws:ec2:us-east-1:684135021874:security-group/sg-00060b6d6e445bbaf",
            "description": "Managed by Terraform",
            "egress": [
              {
                "cidr_blocks": [
                  "0.0.0.0/0"
                ],
                "description": "",
                "from_port": 0,
                "ipv6_cidr_blocks": [],
                "prefix_list_ids": [],
                "protocol": "-1",
                "security_groups": [],
                "self": false,
                "to_port": 0
              }
            ],
            "id": "sg-00060b6d6e445bbaf",
            "ingress": [
              {
                "cidr_blocks": [
                  "0.0.0.0/0"
                ],
                "description": "",
                "from_port": 22,
                "ipv6_cidr_blocks": [],
                "prefix_list_ids": [],
                "protocol": "tcp",
                "security_groups": [],
                "self": false,
                "to_port": 22
              },
              {
                "cidr_blocks": [
                  "10.150.0.0/24"
                ],
                "description": "",
                "from_port": 0,
                "ipv6_cidr_blocks": [],
                "prefix_list_ids": [],
                "protocol": "-1",
                "security_groups": [],
                "self": false,
                "to_port": 0
              }
            ],
            "name": "terraform-20191021201949056400000001",
            "name_prefix": null,
            "owner_id": "684135021874",
            "revoke_rules_on_delete": false,
            "tags": {},
            "timeouts": null,
            "vpc_id": "vpc-0645c07afa6d61a1b"
          },
          "private": "eyJlMmJmYjczMC1lY2FhLTExZTYtOGY4OC0zNDM2M2JjN2M0YzAiOnsiY3JlYXRlIjo2MDAwMDAwMDAwMDAsImRlbGV0ZSI6NjAwMDAwMDAwMDAwfSwic2NoZW1hX3ZlcnNpb24iOiIxIn0=",
          "depends_on": [
            "aws_vpc.vpc"
          ]
        }
      ]
    },
    {
      "mode": "managed",
      "type": "aws_subnet",
      "name": "es-labSubnet",
      "provider": "provider.aws",
      "instances": [
        {
          "schema_version": 1,
          "attributes": {
            "arn": "arn:aws:ec2:us-east-1:684135021874:subnet/subnet-0af5a4f0d5a5b0efc",
            "assign_ipv6_address_on_creation": false,
            "availability_zone": "us-east-1d",
            "availability_zone_id": "use1-az3",
            "cidr_block": "10.150.0.0/24",
            "id": "subnet-0af5a4f0d5a5b0efc",
            "ipv6_cidr_block": "",
            "ipv6_cidr_block_association_id": "",
            "map_public_ip_on_launch": false,
            "owner_id": "684135021874",
            "tags": {
              "name": "es-lab"
            },
            "timeouts": null,
            "vpc_id": "vpc-0645c07afa6d61a1b"
          },
          "private": "eyJlMmJmYjczMC1lY2FhLTExZTYtOGY4OC0zNDM2M2JjN2M0YzAiOnsiY3JlYXRlIjo2MDAwMDAwMDAwMDAsImRlbGV0ZSI6MTIwMDAwMDAwMDAwMH0sInNjaGVtYV92ZXJzaW9uIjoiMSJ9",
          "depends_on": [
            "aws_vpc.vpc"
          ]
        }
      ]
    },
    {
      "mode": "managed",
      "type": "aws_vpc",
      "name": "vpc",
      "provider": "provider.aws",
      "instances": [
        {
          "schema_version": 1,
          "attributes": {
            "arn": "arn:aws:ec2:us-east-1:684135021874:vpc/vpc-0645c07afa6d61a1b",
            "assign_generated_ipv6_cidr_block": false,
            "cidr_block": "10.150.0.0/24",
            "default_network_acl_id": "acl-062d4bd3318d222c8",
            "default_route_table_id": "rtb-0e8e537497d064277",
            "default_security_group_id": "sg-0336b02e0dcce8517",
            "dhcp_options_id": "dopt-04b32aa21e7917b3b",
            "enable_classiclink": false,
            "enable_classiclink_dns_support": false,
            "enable_dns_hostnames": true,
            "enable_dns_support": true,
            "id": "vpc-0645c07afa6d61a1b",
            "instance_tenancy": "default",
            "ipv6_association_id": "",
            "ipv6_cidr_block": "",
            "main_route_table_id": "rtb-0e8e537497d064277",
            "owner_id": "684135021874",
            "tags": {
              "name": "es-lab"
            }
          },
          "private": "eyJzY2hlbWFfdmVyc2lvbiI6IjEifQ=="
        }
      ]
    }
  ]
}
